// !$*UTF8*$!
{
	archiveVersion = 1;
	classes = {
	};
	objectVersion = 48;
	objects = {

/* Begin PBXBuildFile section */
		04B963DF483258852775BADF /* Pods_QpizzaDeliveryTests.framework in Frameworks */ = {isa = PBXBuildFile; fileRef = 2B70B7D8F131134BAA682947 /* Pods_QpizzaDeliveryTests.framework */; };
		1031E0608B1BBC8C70BCD6A0 /* Pods_QpizzaDeliveryUITests.framework in Frameworks */ = {isa = PBXBuildFile; fileRef = 5B250A61DE16D5AFF37C391C /* Pods_QpizzaDeliveryUITests.framework */; };
		3F0E144618B1880A24002250 /* Pods_QpizzaDelivery.framework in Frameworks */ = {isa = PBXBuildFile; fileRef = EE9F4792B07E57B782B64B14 /* Pods_QpizzaDelivery.framework */; };
		8700CAAA1FF3223900AFC5CC /* RestaurantModel.swift in Sources */ = {isa = PBXBuildFile; fileRef = 8700CAA91FF3223900AFC5CC /* RestaurantModel.swift */; };
		8700CAAC1FF4206A00AFC5CC /* RestaurantCollectionViewCell .swift in Sources */ = {isa = PBXBuildFile; fileRef = 8700CAAB1FF4206A00AFC5CC /* RestaurantCollectionViewCell .swift */; };
		8700CAAF1FF4423000AFC5CC /* MenuItemsModel.swift in Sources */ = {isa = PBXBuildFile; fileRef = 8700CAAE1FF4423000AFC5CC /* MenuItemsModel.swift */; };
		872D52851FDC98520025C335 /* MenuCell.swift in Sources */ = {isa = PBXBuildFile; fileRef = 872D52841FDC98520025C335 /* MenuCell.swift */; };
		872D52881FDCD5680025C335 /* MenuDetailsController.swift in Sources */ = {isa = PBXBuildFile; fileRef = 872D52871FDCD5680025C335 /* MenuDetailsController.swift */; };
		872D528A1FDCD5840025C335 /* MenuDetailsCell.swift in Sources */ = {isa = PBXBuildFile; fileRef = 872D52891FDCD5840025C335 /* MenuDetailsCell.swift */; };
		8751A68C1FD92F9C0068E3FE /* CustomerMenuCell.swift in Sources */ = {isa = PBXBuildFile; fileRef = 8751A68B1FD92F9C0068E3FE /* CustomerMenuCell.swift */; };
		8751A68E1FD92FB50068E3FE /* CustomerMenuController.swift in Sources */ = {isa = PBXBuildFile; fileRef = 8751A68D1FD92FB50068E3FE /* CustomerMenuController.swift */; };
		8751A6911FD9303A0068E3FE /* DriverModel.swift in Sources */ = {isa = PBXBuildFile; fileRef = 8751A6901FD9303A0068E3FE /* DriverModel.swift */; };
		8751A6931FD9308D0068E3FE /* CustomerModel.swift in Sources */ = {isa = PBXBuildFile; fileRef = 8751A6921FD9308D0068E3FE /* CustomerModel.swift */; };
		8751A6961FD934D00068E3FE /* SidebarOptions.swift in Sources */ = {isa = PBXBuildFile; fileRef = 8751A6951FD934D00068E3FE /* SidebarOptions.swift */; };
		8751A6981FDB1F3A0068E3FE /* FrontController.swift in Sources */ = {isa = PBXBuildFile; fileRef = 8751A6971FDB1F3A0068E3FE /* FrontController.swift */; };
		8751A69A1FDB1F440068E3FE /* RearController.swift in Sources */ = {isa = PBXBuildFile; fileRef = 8751A6991FDB1F440068E3FE /* RearController.swift */; };
		8751A69C1FDB34050068E3FE /* MenuController.swift in Sources */ = {isa = PBXBuildFile; fileRef = 8751A69B1FDB34050068E3FE /* MenuController.swift */; };
		8751A69E1FDB34190068E3FE /* HomeViewController.swift in Sources */ = {isa = PBXBuildFile; fileRef = 8751A69D1FDB34190068E3FE /* HomeViewController.swift */; };
		8751A6A01FDB4F730068E3FE /* RestaurantController.swift in Sources */ = {isa = PBXBuildFile; fileRef = 8751A69F1FDB4F730068E3FE /* RestaurantController.swift */; };
		8751A6A41FDB52AE0068E3FE /* RestaurantCell.swift in Sources */ = {isa = PBXBuildFile; fileRef = 8751A6A31FDB52AE0068E3FE /* RestaurantCell.swift */; };
		876A30C91FDBBBA100F81855 /* RestaurantHeader.swift in Sources */ = {isa = PBXBuildFile; fileRef = 876A30C81FDBBBA100F81855 /* RestaurantHeader.swift */; };
		876A30CB1FDBCC1500F81855 /* CustomerHeader.swift in Sources */ = {isa = PBXBuildFile; fileRef = 876A30CA1FDBCC1500F81855 /* CustomerHeader.swift */; };
		876A30CD1FDBCC2000F81855 /* DriverHeader.swift in Sources */ = {isa = PBXBuildFile; fileRef = 876A30CC1FDBCC2000F81855 /* DriverHeader.swift */; };
		8775506C1FF6E666004870CC /* Helpers.swift in Sources */ = {isa = PBXBuildFile; fileRef = 8775506B1FF6E666004870CC /* Helpers.swift */; };
		878564991FEFFC8D001484E7 /* FBManager.swift in Sources */ = {isa = PBXBuildFile; fileRef = 878564981FEFFC8D001484E7 /* FBManager.swift */; };
		8785649C1FF0F041001484E7 /* UserModel.swift in Sources */ = {isa = PBXBuildFile; fileRef = 8785649B1FF0F041001484E7 /* UserModel.swift */; };
		87A92D721FF170EF00A7BCE0 /* APIManager.swift in Sources */ = {isa = PBXBuildFile; fileRef = 87A92D711FF170EF00A7BCE0 /* APIManager.swift */; };
		87A92D741FF18F5100A7BCE0 /* Constants.swift in Sources */ = {isa = PBXBuildFile; fileRef = 87A92D731FF18F5100A7BCE0 /* Constants.swift */; };
		87CCAAAF1FEC645E00243FFF /* OrderController.swift in Sources */ = {isa = PBXBuildFile; fileRef = 87CCAAAE1FEC645E00243FFF /* OrderController.swift */; };
		87CCAAB11FEC73BB00243FFF /* OrderCell.swift in Sources */ = {isa = PBXBuildFile; fileRef = 87CCAAB01FEC73BB00243FFF /* OrderCell.swift */; };
		87CCAAB31FEC7BF400243FFF /* OrderFooter.swift in Sources */ = {isa = PBXBuildFile; fileRef = 87CCAAB21FEC7BF400243FFF /* OrderFooter.swift */; };
		87CCAAB51FECD3BB00243FFF /* OrderCollectionViewCell.swift in Sources */ = {isa = PBXBuildFile; fileRef = 87CCAAB41FECD3BB00243FFF /* OrderCollectionViewCell.swift */; };
		87CCAAB81FECEB3E00243FFF /* PaymentController.swift in Sources */ = {isa = PBXBuildFile; fileRef = 87CCAAB71FECEB3E00243FFF /* PaymentController.swift */; };
		87CCAABA1FED8E1900243FFF /* PaymentCell.swift in Sources */ = {isa = PBXBuildFile; fileRef = 87CCAAB91FED8E1900243FFF /* PaymentCell.swift */; };
		87CCAABD1FED904800243FFF /* DeliveryController.swift in Sources */ = {isa = PBXBuildFile; fileRef = 87CCAABC1FED904800243FFF /* DeliveryController.swift */; };
		87CCAABF1FED905200243FFF /* DeliveryCell.swift in Sources */ = {isa = PBXBuildFile; fileRef = 87CCAABE1FED905200243FFF /* DeliveryCell.swift */; };
		87CCAAC11FED955300243FFF /* DeliveryCollectionViewCell.swift in Sources */ = {isa = PBXBuildFile; fileRef = 87CCAAC01FED955300243FFF /* DeliveryCollectionViewCell.swift */; };
		87CCAAC41FEDC08C00243FFF /* MapKit.framework in Frameworks */ = {isa = PBXBuildFile; fileRef = 87CCAAC31FEDC08B00243FFF /* MapKit.framework */; };
		87CCFF571FD9277B00D1970D /* AppDelegate.swift in Sources */ = {isa = PBXBuildFile; fileRef = 87CCFF561FD9277B00D1970D /* AppDelegate.swift */; };
		87CCFF591FD9277B00D1970D /* ViewController.swift in Sources */ = {isa = PBXBuildFile; fileRef = 87CCFF581FD9277B00D1970D /* ViewController.swift */; };
		87CCFF5C1FD9277B00D1970D /* Main.storyboard in Resources */ = {isa = PBXBuildFile; fileRef = 87CCFF5A1FD9277B00D1970D /* Main.storyboard */; };
		87CCFF5F1FD9277B00D1970D /* QpizzaDelivery.xcdatamodeld in Sources */ = {isa = PBXBuildFile; fileRef = 87CCFF5D1FD9277B00D1970D /* QpizzaDelivery.xcdatamodeld */; };
		87CCFF611FD9277B00D1970D /* Assets.xcassets in Resources */ = {isa = PBXBuildFile; fileRef = 87CCFF601FD9277B00D1970D /* Assets.xcassets */; };
		87CCFF641FD9277B00D1970D /* LaunchScreen.storyboard in Resources */ = {isa = PBXBuildFile; fileRef = 87CCFF621FD9277B00D1970D /* LaunchScreen.storyboard */; };
		87CCFF6F1FD9277C00D1970D /* QpizzaDeliveryTests.swift in Sources */ = {isa = PBXBuildFile; fileRef = 87CCFF6E1FD9277C00D1970D /* QpizzaDeliveryTests.swift */; };
		87CCFF7A1FD9277C00D1970D /* QpizzaDeliveryUITests.swift in Sources */ = {isa = PBXBuildFile; fileRef = 87CCFF791FD9277C00D1970D /* QpizzaDeliveryUITests.swift */; };
		87CCFF881FD927CD00D1970D /* LoginController.swift in Sources */ = {isa = PBXBuildFile; fileRef = 87CCFF871FD927CD00D1970D /* LoginController.swift */; };
		87CCFF8C1FD9280300D1970D /* BaseCell.swift in Sources */ = {isa = PBXBuildFile; fileRef = 87CCFF8B1FD9280300D1970D /* BaseCell.swift */; };
		87CCFF8E1FD9280A00D1970D /* Extensions.swift in Sources */ = {isa = PBXBuildFile; fileRef = 87CCFF8D1FD9280A00D1970D /* Extensions.swift */; };
		87CCFF901FD9281300D1970D /* DriverMenuCell.swift in Sources */ = {isa = PBXBuildFile; fileRef = 87CCFF8F1FD9281300D1970D /* DriverMenuCell.swift */; };
		87CCFF951FD928F200D1970D /* SWRevealViewController.m in Sources */ = {isa = PBXBuildFile; fileRef = 87CCFF931FD928F200D1970D /* SWRevealViewController.m */; };
		87CCFF981FD9293A00D1970D /* DriverMenuController.swift in Sources */ = {isa = PBXBuildFile; fileRef = 87CCFF971FD9293A00D1970D /* DriverMenuController.swift */; };
/* End PBXBuildFile section */

/* Begin PBXContainerItemProxy section */
		87CCFF6B1FD9277C00D1970D /* PBXContainerItemProxy */ = {
			isa = PBXContainerItemProxy;
			containerPortal = 87CCFF4B1FD9277B00D1970D /* Project object */;
			proxyType = 1;
			remoteGlobalIDString = 87CCFF521FD9277B00D1970D;
			remoteInfo = QpizzaDelivery;
		};
		87CCFF761FD9277C00D1970D /* PBXContainerItemProxy */ = {
			isa = PBXContainerItemProxy;
			containerPortal = 87CCFF4B1FD9277B00D1970D /* Project object */;
			proxyType = 1;
			remoteGlobalIDString = 87CCFF521FD9277B00D1970D;
			remoteInfo = QpizzaDelivery;
		};
/* End PBXContainerItemProxy section */

/* Begin PBXFileReference section */
		2B70B7D8F131134BAA682947 /* Pods_QpizzaDeliveryTests.framework */ = {isa = PBXFileReference; explicitFileType = wrapper.framework; includeInIndex = 0; path = Pods_QpizzaDeliveryTests.framework; sourceTree = BUILT_PRODUCTS_DIR; };
		33EB57EF5908B66F3A2ABE05 /* Pods-QpizzaDeliveryTests.debug.xcconfig */ = {isa = PBXFileReference; includeInIndex = 1; lastKnownFileType = text.xcconfig; name = "Pods-QpizzaDeliveryTests.debug.xcconfig"; path = "Pods/Target Support Files/Pods-QpizzaDeliveryTests/Pods-QpizzaDeliveryTests.debug.xcconfig"; sourceTree = "<group>"; };
		37C0C07C4AE90CEC3D60807A /* Pods-QpizzaDeliveryUITests.release.xcconfig */ = {isa = PBXFileReference; includeInIndex = 1; lastKnownFileType = text.xcconfig; name = "Pods-QpizzaDeliveryUITests.release.xcconfig"; path = "Pods/Target Support Files/Pods-QpizzaDeliveryUITests/Pods-QpizzaDeliveryUITests.release.xcconfig"; sourceTree = "<group>"; };
		5B250A61DE16D5AFF37C391C /* Pods_QpizzaDeliveryUITests.framework */ = {isa = PBXFileReference; explicitFileType = wrapper.framework; includeInIndex = 0; path = Pods_QpizzaDeliveryUITests.framework; sourceTree = BUILT_PRODUCTS_DIR; };
		6A95BC93A31AA445ED356CBF /* Pods-QpizzaDelivery.debug.xcconfig */ = {isa = PBXFileReference; includeInIndex = 1; lastKnownFileType = text.xcconfig; name = "Pods-QpizzaDelivery.debug.xcconfig"; path = "Pods/Target Support Files/Pods-QpizzaDelivery/Pods-QpizzaDelivery.debug.xcconfig"; sourceTree = "<group>"; };
		8700CAA91FF3223900AFC5CC /* RestaurantModel.swift */ = {isa = PBXFileReference; lastKnownFileType = sourcecode.swift; path = RestaurantModel.swift; sourceTree = "<group>"; };
		8700CAAB1FF4206A00AFC5CC /* RestaurantCollectionViewCell .swift */ = {isa = PBXFileReference; lastKnownFileType = sourcecode.swift; path = "RestaurantCollectionViewCell .swift"; sourceTree = "<group>"; };
		8700CAAE1FF4423000AFC5CC /* MenuItemsModel.swift */ = {isa = PBXFileReference; lastKnownFileType = sourcecode.swift; path = MenuItemsModel.swift; sourceTree = "<group>"; };
		872D52841FDC98520025C335 /* MenuCell.swift */ = {isa = PBXFileReference; lastKnownFileType = sourcecode.swift; path = MenuCell.swift; sourceTree = "<group>"; };
		872D52871FDCD5680025C335 /* MenuDetailsController.swift */ = {isa = PBXFileReference; lastKnownFileType = sourcecode.swift; path = MenuDetailsController.swift; sourceTree = "<group>"; };
		872D52891FDCD5840025C335 /* MenuDetailsCell.swift */ = {isa = PBXFileReference; lastKnownFileType = sourcecode.swift; path = MenuDetailsCell.swift; sourceTree = "<group>"; };
		8751A68B1FD92F9C0068E3FE /* CustomerMenuCell.swift */ = {isa = PBXFileReference; lastKnownFileType = sourcecode.swift; path = CustomerMenuCell.swift; sourceTree = "<group>"; };
		8751A68D1FD92FB50068E3FE /* CustomerMenuController.swift */ = {isa = PBXFileReference; lastKnownFileType = sourcecode.swift; path = CustomerMenuController.swift; sourceTree = "<group>"; };
		8751A6901FD9303A0068E3FE /* DriverModel.swift */ = {isa = PBXFileReference; lastKnownFileType = sourcecode.swift; path = DriverModel.swift; sourceTree = "<group>"; };
		8751A6921FD9308D0068E3FE /* CustomerModel.swift */ = {isa = PBXFileReference; lastKnownFileType = sourcecode.swift; path = CustomerModel.swift; sourceTree = "<group>"; };
		8751A6951FD934D00068E3FE /* SidebarOptions.swift */ = {isa = PBXFileReference; lastKnownFileType = sourcecode.swift; path = SidebarOptions.swift; sourceTree = "<group>"; };
		8751A6971FDB1F3A0068E3FE /* FrontController.swift */ = {isa = PBXFileReference; lastKnownFileType = sourcecode.swift; path = FrontController.swift; sourceTree = "<group>"; };
		8751A6991FDB1F440068E3FE /* RearController.swift */ = {isa = PBXFileReference; lastKnownFileType = sourcecode.swift; path = RearController.swift; sourceTree = "<group>"; };
		8751A69B1FDB34050068E3FE /* MenuController.swift */ = {isa = PBXFileReference; lastKnownFileType = sourcecode.swift; path = MenuController.swift; sourceTree = "<group>"; };
		8751A69D1FDB34190068E3FE /* HomeViewController.swift */ = {isa = PBXFileReference; lastKnownFileType = sourcecode.swift; path = HomeViewController.swift; sourceTree = "<group>"; };
		8751A69F1FDB4F730068E3FE /* RestaurantController.swift */ = {isa = PBXFileReference; lastKnownFileType = sourcecode.swift; path = RestaurantController.swift; sourceTree = "<group>"; };
		8751A6A31FDB52AE0068E3FE /* RestaurantCell.swift */ = {isa = PBXFileReference; lastKnownFileType = sourcecode.swift; path = RestaurantCell.swift; sourceTree = "<group>"; };
		876A30C81FDBBBA100F81855 /* RestaurantHeader.swift */ = {isa = PBXFileReference; lastKnownFileType = sourcecode.swift; path = RestaurantHeader.swift; sourceTree = "<group>"; };
		876A30CA1FDBCC1500F81855 /* CustomerHeader.swift */ = {isa = PBXFileReference; lastKnownFileType = sourcecode.swift; path = CustomerHeader.swift; sourceTree = "<group>"; };
		876A30CC1FDBCC2000F81855 /* DriverHeader.swift */ = {isa = PBXFileReference; lastKnownFileType = sourcecode.swift; path = DriverHeader.swift; sourceTree = "<group>"; };
		8775506B1FF6E666004870CC /* Helpers.swift */ = {isa = PBXFileReference; lastKnownFileType = sourcecode.swift; path = Helpers.swift; sourceTree = "<group>"; };
		878564981FEFFC8D001484E7 /* FBManager.swift */ = {isa = PBXFileReference; lastKnownFileType = sourcecode.swift; path = FBManager.swift; sourceTree = "<group>"; };
		8785649B1FF0F041001484E7 /* UserModel.swift */ = {isa = PBXFileReference; lastKnownFileType = sourcecode.swift; path = UserModel.swift; sourceTree = "<group>"; };
		87A92D711FF170EF00A7BCE0 /* APIManager.swift */ = {isa = PBXFileReference; lastKnownFileType = sourcecode.swift; path = APIManager.swift; sourceTree = "<group>"; };
		87A92D731FF18F5100A7BCE0 /* Constants.swift */ = {isa = PBXFileReference; lastKnownFileType = sourcecode.swift; path = Constants.swift; sourceTree = "<group>"; };
		87CCAAAE1FEC645E00243FFF /* OrderController.swift */ = {isa = PBXFileReference; lastKnownFileType = sourcecode.swift; path = OrderController.swift; sourceTree = "<group>"; };
		87CCAAB01FEC73BB00243FFF /* OrderCell.swift */ = {isa = PBXFileReference; lastKnownFileType = sourcecode.swift; path = OrderCell.swift; sourceTree = "<group>"; };
		87CCAAB21FEC7BF400243FFF /* OrderFooter.swift */ = {isa = PBXFileReference; lastKnownFileType = sourcecode.swift; path = OrderFooter.swift; sourceTree = "<group>"; };
		87CCAAB41FECD3BB00243FFF /* OrderCollectionViewCell.swift */ = {isa = PBXFileReference; lastKnownFileType = sourcecode.swift; path = OrderCollectionViewCell.swift; sourceTree = "<group>"; };
		87CCAAB71FECEB3E00243FFF /* PaymentController.swift */ = {isa = PBXFileReference; lastKnownFileType = sourcecode.swift; path = PaymentController.swift; sourceTree = "<group>"; };
		87CCAAB91FED8E1900243FFF /* PaymentCell.swift */ = {isa = PBXFileReference; lastKnownFileType = sourcecode.swift; path = PaymentCell.swift; sourceTree = "<group>"; };
		87CCAABC1FED904800243FFF /* DeliveryController.swift */ = {isa = PBXFileReference; lastKnownFileType = sourcecode.swift; path = DeliveryController.swift; sourceTree = "<group>"; };
		87CCAABE1FED905200243FFF /* DeliveryCell.swift */ = {isa = PBXFileReference; lastKnownFileType = sourcecode.swift; path = DeliveryCell.swift; sourceTree = "<group>"; };
		87CCAAC01FED955300243FFF /* DeliveryCollectionViewCell.swift */ = {isa = PBXFileReference; lastKnownFileType = sourcecode.swift; path = DeliveryCollectionViewCell.swift; sourceTree = "<group>"; };
		87CCAAC31FEDC08B00243FFF /* MapKit.framework */ = {isa = PBXFileReference; lastKnownFileType = wrapper.framework; name = MapKit.framework; path = System/Library/Frameworks/MapKit.framework; sourceTree = SDKROOT; };
		87CCFF531FD9277B00D1970D /* QpizzaDelivery.app */ = {isa = PBXFileReference; explicitFileType = wrapper.application; includeInIndex = 0; path = QpizzaDelivery.app; sourceTree = BUILT_PRODUCTS_DIR; };
		87CCFF561FD9277B00D1970D /* AppDelegate.swift */ = {isa = PBXFileReference; lastKnownFileType = sourcecode.swift; path = AppDelegate.swift; sourceTree = "<group>"; };
		87CCFF581FD9277B00D1970D /* ViewController.swift */ = {isa = PBXFileReference; lastKnownFileType = sourcecode.swift; path = ViewController.swift; sourceTree = "<group>"; };
		87CCFF5B1FD9277B00D1970D /* Base */ = {isa = PBXFileReference; lastKnownFileType = file.storyboard; name = Base; path = Base.lproj/Main.storyboard; sourceTree = "<group>"; };
		87CCFF5E1FD9277B00D1970D /* QpizzaDelivery.xcdatamodel */ = {isa = PBXFileReference; lastKnownFileType = wrapper.xcdatamodel; path = QpizzaDelivery.xcdatamodel; sourceTree = "<group>"; };
		87CCFF601FD9277B00D1970D /* Assets.xcassets */ = {isa = PBXFileReference; lastKnownFileType = folder.assetcatalog; path = Assets.xcassets; sourceTree = "<group>"; };
		87CCFF631FD9277B00D1970D /* Base */ = {isa = PBXFileReference; lastKnownFileType = file.storyboard; name = Base; path = Base.lproj/LaunchScreen.storyboard; sourceTree = "<group>"; };
		87CCFF651FD9277B00D1970D /* Info.plist */ = {isa = PBXFileReference; lastKnownFileType = text.plist.xml; path = Info.plist; sourceTree = "<group>"; };
		87CCFF6A1FD9277C00D1970D /* QpizzaDeliveryTests.xctest */ = {isa = PBXFileReference; explicitFileType = wrapper.cfbundle; includeInIndex = 0; path = QpizzaDeliveryTests.xctest; sourceTree = BUILT_PRODUCTS_DIR; };
		87CCFF6E1FD9277C00D1970D /* QpizzaDeliveryTests.swift */ = {isa = PBXFileReference; lastKnownFileType = sourcecode.swift; path = QpizzaDeliveryTests.swift; sourceTree = "<group>"; };
		87CCFF701FD9277C00D1970D /* Info.plist */ = {isa = PBXFileReference; lastKnownFileType = text.plist.xml; path = Info.plist; sourceTree = "<group>"; };
		87CCFF751FD9277C00D1970D /* QpizzaDeliveryUITests.xctest */ = {isa = PBXFileReference; explicitFileType = wrapper.cfbundle; includeInIndex = 0; path = QpizzaDeliveryUITests.xctest; sourceTree = BUILT_PRODUCTS_DIR; };
		87CCFF791FD9277C00D1970D /* QpizzaDeliveryUITests.swift */ = {isa = PBXFileReference; lastKnownFileType = sourcecode.swift; path = QpizzaDeliveryUITests.swift; sourceTree = "<group>"; };
		87CCFF7B1FD9277C00D1970D /* Info.plist */ = {isa = PBXFileReference; lastKnownFileType = text.plist.xml; path = Info.plist; sourceTree = "<group>"; };
		87CCFF871FD927CD00D1970D /* LoginController.swift */ = {isa = PBXFileReference; lastKnownFileType = sourcecode.swift; path = LoginController.swift; sourceTree = "<group>"; };
		87CCFF8B1FD9280300D1970D /* BaseCell.swift */ = {isa = PBXFileReference; lastKnownFileType = sourcecode.swift; path = BaseCell.swift; sourceTree = "<group>"; };
		87CCFF8D1FD9280A00D1970D /* Extensions.swift */ = {isa = PBXFileReference; lastKnownFileType = sourcecode.swift; path = Extensions.swift; sourceTree = "<group>"; };
		87CCFF8F1FD9281300D1970D /* DriverMenuCell.swift */ = {isa = PBXFileReference; lastKnownFileType = sourcecode.swift; path = DriverMenuCell.swift; sourceTree = "<group>"; };
		87CCFF921FD928F100D1970D /* QpizzaDelivery-Bridging-Header.h */ = {isa = PBXFileReference; lastKnownFileType = sourcecode.c.h; path = "QpizzaDelivery-Bridging-Header.h"; sourceTree = "<group>"; };
		87CCFF931FD928F200D1970D /* SWRevealViewController.m */ = {isa = PBXFileReference; fileEncoding = 4; lastKnownFileType = sourcecode.c.objc; path = SWRevealViewController.m; sourceTree = "<group>"; };
		87CCFF941FD928F200D1970D /* SWRevealViewController.h */ = {isa = PBXFileReference; fileEncoding = 4; lastKnownFileType = sourcecode.c.h; path = SWRevealViewController.h; sourceTree = "<group>"; };
		87CCFF971FD9293A00D1970D /* DriverMenuController.swift */ = {isa = PBXFileReference; lastKnownFileType = sourcecode.swift; path = DriverMenuController.swift; sourceTree = "<group>"; };
		8AAB8C5E55579FCB30CE3EF1 /* Pods-QpizzaDelivery.release.xcconfig */ = {isa = PBXFileReference; includeInIndex = 1; lastKnownFileType = text.xcconfig; name = "Pods-QpizzaDelivery.release.xcconfig"; path = "Pods/Target Support Files/Pods-QpizzaDelivery/Pods-QpizzaDelivery.release.xcconfig"; sourceTree = "<group>"; };
		EE07E28F511807FC062CA5F9 /* Pods-QpizzaDeliveryUITests.debug.xcconfig */ = {isa = PBXFileReference; includeInIndex = 1; lastKnownFileType = text.xcconfig; name = "Pods-QpizzaDeliveryUITests.debug.xcconfig"; path = "Pods/Target Support Files/Pods-QpizzaDeliveryUITests/Pods-QpizzaDeliveryUITests.debug.xcconfig"; sourceTree = "<group>"; };
		EE9F4792B07E57B782B64B14 /* Pods_QpizzaDelivery.framework */ = {isa = PBXFileReference; explicitFileType = wrapper.framework; includeInIndex = 0; path = Pods_QpizzaDelivery.framework; sourceTree = BUILT_PRODUCTS_DIR; };
		F4E9C8BF267F3763B40B08AF /* Pods-QpizzaDeliveryTests.release.xcconfig */ = {isa = PBXFileReference; includeInIndex = 1; lastKnownFileType = text.xcconfig; name = "Pods-QpizzaDeliveryTests.release.xcconfig"; path = "Pods/Target Support Files/Pods-QpizzaDeliveryTests/Pods-QpizzaDeliveryTests.release.xcconfig"; sourceTree = "<group>"; };
/* End PBXFileReference section */

/* Begin PBXFrameworksBuildPhase section */
		87CCFF501FD9277B00D1970D /* Frameworks */ = {
			isa = PBXFrameworksBuildPhase;
			buildActionMask = 2147483647;
			files = (
				87CCAAC41FEDC08C00243FFF /* MapKit.framework in Frameworks */,
				3F0E144618B1880A24002250 /* Pods_QpizzaDelivery.framework in Frameworks */,
			);
			runOnlyForDeploymentPostprocessing = 0;
		};
		87CCFF671FD9277C00D1970D /* Frameworks */ = {
			isa = PBXFrameworksBuildPhase;
			buildActionMask = 2147483647;
			files = (
				04B963DF483258852775BADF /* Pods_QpizzaDeliveryTests.framework in Frameworks */,
			);
			runOnlyForDeploymentPostprocessing = 0;
		};
		87CCFF721FD9277C00D1970D /* Frameworks */ = {
			isa = PBXFrameworksBuildPhase;
			buildActionMask = 2147483647;
			files = (
				1031E0608B1BBC8C70BCD6A0 /* Pods_QpizzaDeliveryUITests.framework in Frameworks */,
			);
			runOnlyForDeploymentPostprocessing = 0;
		};
/* End PBXFrameworksBuildPhase section */

/* Begin PBXGroup section */
		59D223C660D043FC08D7EB77 /* Pods */ = {
			isa = PBXGroup;
			children = (
				6A95BC93A31AA445ED356CBF /* Pods-QpizzaDelivery.debug.xcconfig */,
				8AAB8C5E55579FCB30CE3EF1 /* Pods-QpizzaDelivery.release.xcconfig */,
				33EB57EF5908B66F3A2ABE05 /* Pods-QpizzaDeliveryTests.debug.xcconfig */,
				F4E9C8BF267F3763B40B08AF /* Pods-QpizzaDeliveryTests.release.xcconfig */,
				EE07E28F511807FC062CA5F9 /* Pods-QpizzaDeliveryUITests.debug.xcconfig */,
				37C0C07C4AE90CEC3D60807A /* Pods-QpizzaDeliveryUITests.release.xcconfig */,
			);
			name = Pods;
			sourceTree = "<group>";
		};
		8700CAAD1FF42D7900AFC5CC /* Unused */ = {
			isa = PBXGroup;
			children = (
				876A30C81FDBBBA100F81855 /* RestaurantHeader.swift */,
			);
			path = Unused;
			sourceTree = "<group>";
		};
		872D52831FDC983A0025C335 /* Menu */ = {
			isa = PBXGroup;
			children = (
				872D52841FDC98520025C335 /* MenuCell.swift */,
				8751A69B1FDB34050068E3FE /* MenuController.swift */,
				872D52861FDCC6E70025C335 /* MealDetailsController */,
			);
			path = Menu;
			sourceTree = "<group>";
		};
		872D52861FDCC6E70025C335 /* MealDetailsController */ = {
			isa = PBXGroup;
			children = (
				872D52891FDCD5840025C335 /* MenuDetailsCell.swift */,
				872D52871FDCD5680025C335 /* MenuDetailsController.swift */,
				87CCAAAD1FEC644000243FFF /* OrderController */,
			);
			path = MealDetailsController;
			sourceTree = "<group>";
		};
		8751A6891FD92EB40068E3FE /* DriverMenu */ = {
			isa = PBXGroup;
			children = (
				876A30CC1FDBCC2000F81855 /* DriverHeader.swift */,
				87CCFF8F1FD9281300D1970D /* DriverMenuCell.swift */,
				87CCFF971FD9293A00D1970D /* DriverMenuController.swift */,
			);
			path = DriverMenu;
			sourceTree = "<group>";
		};
		8751A68A1FD92F910068E3FE /* CustomerMenu */ = {
			isa = PBXGroup;
			children = (
				876A30CA1FDBCC1500F81855 /* CustomerHeader.swift */,
				8751A68B1FD92F9C0068E3FE /* CustomerMenuCell.swift */,
				8751A68D1FD92FB50068E3FE /* CustomerMenuController.swift */,
			);
			path = CustomerMenu;
			sourceTree = "<group>";
		};
		8751A68F1FD930210068E3FE /* Model */ = {
			isa = PBXGroup;
			children = (
				8751A6901FD9303A0068E3FE /* DriverModel.swift */,
				8751A6921FD9308D0068E3FE /* CustomerModel.swift */,
				8785649B1FF0F041001484E7 /* UserModel.swift */,
				8700CAA91FF3223900AFC5CC /* RestaurantModel.swift */,
				8700CAAE1FF4423000AFC5CC /* MenuItemsModel.swift */,
				8751A6951FD934D00068E3FE /* SidebarOptions.swift */,
			);
			path = Model;
			sourceTree = "<group>";
		};
		8751A6A11FDB50420068E3FE /* Restaurants */ = {
			isa = PBXGroup;
			children = (
				8700CAAD1FF42D7900AFC5CC /* Unused */,
				8751A6A31FDB52AE0068E3FE /* RestaurantCell.swift */,
				8700CAAB1FF4206A00AFC5CC /* RestaurantCollectionViewCell .swift */,
				8751A69F1FDB4F730068E3FE /* RestaurantController.swift */,
			);
			path = Restaurants;
			sourceTree = "<group>";
		};
		8751A6A21FDB504F0068E3FE /* Base */ = {
			isa = PBXGroup;
			children = (
				87CCFF561FD9277B00D1970D /* AppDelegate.swift */,
				87CCFF8B1FD9280300D1970D /* BaseCell.swift */,
				87CCFF8D1FD9280A00D1970D /* Extensions.swift */,
				8775506B1FF6E666004870CC /* Helpers.swift */,
			);
			path = Base;
			sourceTree = "<group>";
		};
		8785649A1FF0E25D001484E7 /* Managers */ = {
			isa = PBXGroup;
			children = (
				878564981FEFFC8D001484E7 /* FBManager.swift */,
				87A92D711FF170EF00A7BCE0 /* APIManager.swift */,
				87A92D731FF18F5100A7BCE0 /* Constants.swift */,
			);
			path = Managers;
			sourceTree = "<group>";
		};
		87A92D751FF1A76300A7BCE0 /* Sidebar */ = {
			isa = PBXGroup;
			children = (
				8751A6891FD92EB40068E3FE /* DriverMenu */,
				8751A68A1FD92F910068E3FE /* CustomerMenu */,
			);
			path = Sidebar;
			sourceTree = "<group>";
		};
		87CCAAAD1FEC644000243FFF /* OrderController */ = {
			isa = PBXGroup;
			children = (
				87CCAAB01FEC73BB00243FFF /* OrderCell.swift */,
				87CCAAB41FECD3BB00243FFF /* OrderCollectionViewCell.swift */,
				87CCAAAE1FEC645E00243FFF /* OrderController.swift */,
				87CCAAB21FEC7BF400243FFF /* OrderFooter.swift */,
				87CCAAB61FECEB3100243FFF /* Payment */,
			);
			path = OrderController;
			sourceTree = "<group>";
		};
		87CCAAB61FECEB3100243FFF /* Payment */ = {
			isa = PBXGroup;
			children = (
				87CCAAB91FED8E1900243FFF /* PaymentCell.swift */,
				87CCAAB71FECEB3E00243FFF /* PaymentController.swift */,
				87CCAABB1FED901F00243FFF /* DeliveryController */,
			);
			path = Payment;
			sourceTree = "<group>";
		};
		87CCAABB1FED901F00243FFF /* DeliveryController */ = {
			isa = PBXGroup;
			children = (
				87CCAABE1FED905200243FFF /* DeliveryCell.swift */,
				87CCAAC01FED955300243FFF /* DeliveryCollectionViewCell.swift */,
				87CCAABC1FED904800243FFF /* DeliveryController.swift */,
			);
			path = DeliveryController;
			sourceTree = "<group>";
		};
		87CCAAC21FEDC08B00243FFF /* Frameworks */ = {
			isa = PBXGroup;
			children = (
				87CCAAC31FEDC08B00243FFF /* MapKit.framework */,
				EE9F4792B07E57B782B64B14 /* Pods_QpizzaDelivery.framework */,
				2B70B7D8F131134BAA682947 /* Pods_QpizzaDeliveryTests.framework */,
				5B250A61DE16D5AFF37C391C /* Pods_QpizzaDeliveryUITests.framework */,
			);
			name = Frameworks;
			sourceTree = "<group>";
		};
		87CCFF4A1FD9277B00D1970D = {
			isa = PBXGroup;
			children = (
				87CCFF551FD9277B00D1970D /* QpizzaDelivery */,
				87CCFF6D1FD9277C00D1970D /* QpizzaDeliveryTests */,
				87CCFF781FD9277C00D1970D /* QpizzaDeliveryUITests */,
				87CCFF541FD9277B00D1970D /* Products */,
				87CCAAC21FEDC08B00243FFF /* Frameworks */,
				59D223C660D043FC08D7EB77 /* Pods */,
			);
			sourceTree = "<group>";
		};
		87CCFF541FD9277B00D1970D /* Products */ = {
			isa = PBXGroup;
			children = (
				87CCFF531FD9277B00D1970D /* QpizzaDelivery.app */,
				87CCFF6A1FD9277C00D1970D /* QpizzaDeliveryTests.xctest */,
				87CCFF751FD9277C00D1970D /* QpizzaDeliveryUITests.xctest */,
			);
			name = Products;
			sourceTree = "<group>";
		};
		87CCFF551FD9277B00D1970D /* QpizzaDelivery */ = {
			isa = PBXGroup;
			children = (
				8785649A1FF0E25D001484E7 /* Managers */,
				8751A6A21FDB504F0068E3FE /* Base */,
				8751A68F1FD930210068E3FE /* Model */,
				87CCFF961FD9291C00D1970D /* Login */,
				87A92D751FF1A76300A7BCE0 /* Sidebar */,
				8751A6A11FDB50420068E3FE /* Restaurants */,
				872D52831FDC983A0025C335 /* Menu */,
				87CCFF911FD9286500D1970D /* Library */,
				87CCFF581FD9277B00D1970D /* ViewController.swift */,
				87CCFF5A1FD9277B00D1970D /* Main.storyboard */,
				87CCFF601FD9277B00D1970D /* Assets.xcassets */,
				87CCFF621FD9277B00D1970D /* LaunchScreen.storyboard */,
				87CCFF651FD9277B00D1970D /* Info.plist */,
				87CCFF5D1FD9277B00D1970D /* QpizzaDelivery.xcdatamodeld */,
			);
			path = QpizzaDelivery;
			sourceTree = "<group>";
		};
		87CCFF6D1FD9277C00D1970D /* QpizzaDeliveryTests */ = {
			isa = PBXGroup;
			children = (
				87CCFF6E1FD9277C00D1970D /* QpizzaDeliveryTests.swift */,
				87CCFF701FD9277C00D1970D /* Info.plist */,
			);
			path = QpizzaDeliveryTests;
			sourceTree = "<group>";
		};
		87CCFF781FD9277C00D1970D /* QpizzaDeliveryUITests */ = {
			isa = PBXGroup;
			children = (
				87CCFF791FD9277C00D1970D /* QpizzaDeliveryUITests.swift */,
				87CCFF7B1FD9277C00D1970D /* Info.plist */,
			);
			path = QpizzaDeliveryUITests;
			sourceTree = "<group>";
		};
		87CCFF911FD9286500D1970D /* Library */ = {
			isa = PBXGroup;
			children = (
				87CCFF941FD928F200D1970D /* SWRevealViewController.h */,
				87CCFF931FD928F200D1970D /* SWRevealViewController.m */,
				87CCFF921FD928F100D1970D /* QpizzaDelivery-Bridging-Header.h */,
				8751A6971FDB1F3A0068E3FE /* FrontController.swift */,
				8751A6991FDB1F440068E3FE /* RearController.swift */,
				8751A69D1FDB34190068E3FE /* HomeViewController.swift */,
			);
			path = Library;
			sourceTree = "<group>";
		};
		87CCFF961FD9291C00D1970D /* Login */ = {
			isa = PBXGroup;
			children = (
				87CCFF871FD927CD00D1970D /* LoginController.swift */,
			);
			path = Login;
			sourceTree = "<group>";
		};
/* End PBXGroup section */

/* Begin PBXNativeTarget section */
		87CCFF521FD9277B00D1970D /* QpizzaDelivery */ = {
			isa = PBXNativeTarget;
			buildConfigurationList = 87CCFF7E1FD9277C00D1970D /* Build configuration list for PBXNativeTarget "QpizzaDelivery" */;
			buildPhases = (
				3BA691B13BC59E14168188EF /* [CP] Check Pods Manifest.lock */,
				87CCFF4F1FD9277B00D1970D /* Sources */,
				87CCFF501FD9277B00D1970D /* Frameworks */,
				87CCFF511FD9277B00D1970D /* Resources */,
				19241182C829D34EDECC588A /* [CP] Embed Pods Frameworks */,
				836B79A196DBFE62C247B0F5 /* [CP] Copy Pods Resources */,
			);
			buildRules = (
			);
			dependencies = (
			);
			name = QpizzaDelivery;
			productName = QpizzaDelivery;
			productReference = 87CCFF531FD9277B00D1970D /* QpizzaDelivery.app */;
			productType = "com.apple.product-type.application";
		};
		87CCFF691FD9277C00D1970D /* QpizzaDeliveryTests */ = {
			isa = PBXNativeTarget;
			buildConfigurationList = 87CCFF811FD9277C00D1970D /* Build configuration list for PBXNativeTarget "QpizzaDeliveryTests" */;
			buildPhases = (
				16EA1D6A083EA25D94773CA2 /* [CP] Check Pods Manifest.lock */,
				87CCFF661FD9277C00D1970D /* Sources */,
				87CCFF671FD9277C00D1970D /* Frameworks */,
				87CCFF681FD9277C00D1970D /* Resources */,
				9FBA35565B9370CEB523FE3A /* [CP] Embed Pods Frameworks */,
				2E0ADA9D289A0CD93D97F08E /* [CP] Copy Pods Resources */,
			);
			buildRules = (
			);
			dependencies = (
				87CCFF6C1FD9277C00D1970D /* PBXTargetDependency */,
			);
			name = QpizzaDeliveryTests;
			productName = QpizzaDeliveryTests;
			productReference = 87CCFF6A1FD9277C00D1970D /* QpizzaDeliveryTests.xctest */;
			productType = "com.apple.product-type.bundle.unit-test";
		};
		87CCFF741FD9277C00D1970D /* QpizzaDeliveryUITests */ = {
			isa = PBXNativeTarget;
			buildConfigurationList = 87CCFF841FD9277C00D1970D /* Build configuration list for PBXNativeTarget "QpizzaDeliveryUITests" */;
			buildPhases = (
				A33626C3EFB5F8CF3B906CEB /* [CP] Check Pods Manifest.lock */,
				87CCFF711FD9277C00D1970D /* Sources */,
				87CCFF721FD9277C00D1970D /* Frameworks */,
				87CCFF731FD9277C00D1970D /* Resources */,
				1FE05EDD858DD184924E16E8 /* [CP] Embed Pods Frameworks */,
				6306DD94778FC505FF996C9F /* [CP] Copy Pods Resources */,
			);
			buildRules = (
			);
			dependencies = (
				87CCFF771FD9277C00D1970D /* PBXTargetDependency */,
			);
			name = QpizzaDeliveryUITests;
			productName = QpizzaDeliveryUITests;
			productReference = 87CCFF751FD9277C00D1970D /* QpizzaDeliveryUITests.xctest */;
			productType = "com.apple.product-type.bundle.ui-testing";
		};
/* End PBXNativeTarget section */

/* Begin PBXProject section */
		87CCFF4B1FD9277B00D1970D /* Project object */ = {
			isa = PBXProject;
			attributes = {
				LastSwiftUpdateCheck = 0920;
				LastUpgradeCheck = 0920;
				ORGANIZATIONNAME = AmarBhatia;
				TargetAttributes = {
					87CCFF521FD9277B00D1970D = {
						CreatedOnToolsVersion = 9.2;
						LastSwiftMigration = 0920;
						ProvisioningStyle = Automatic;
					};
					87CCFF691FD9277C00D1970D = {
						CreatedOnToolsVersion = 9.2;
						ProvisioningStyle = Automatic;
						TestTargetID = 87CCFF521FD9277B00D1970D;
					};
					87CCFF741FD9277C00D1970D = {
						CreatedOnToolsVersion = 9.2;
						ProvisioningStyle = Automatic;
						TestTargetID = 87CCFF521FD9277B00D1970D;
					};
				};
			};
			buildConfigurationList = 87CCFF4E1FD9277B00D1970D /* Build configuration list for PBXProject "QpizzaDelivery" */;
			compatibilityVersion = "Xcode 8.0";
			developmentRegion = en;
			hasScannedForEncodings = 0;
			knownRegions = (
				en,
				Base,
			);
			mainGroup = 87CCFF4A1FD9277B00D1970D;
			productRefGroup = 87CCFF541FD9277B00D1970D /* Products */;
			projectDirPath = "";
			projectRoot = "";
			targets = (
				87CCFF521FD9277B00D1970D /* QpizzaDelivery */,
				87CCFF691FD9277C00D1970D /* QpizzaDeliveryTests */,
				87CCFF741FD9277C00D1970D /* QpizzaDeliveryUITests */,
			);
		};
/* End PBXProject section */

/* Begin PBXResourcesBuildPhase section */
		87CCFF511FD9277B00D1970D /* Resources */ = {
			isa = PBXResourcesBuildPhase;
			buildActionMask = 2147483647;
			files = (
				87CCFF641FD9277B00D1970D /* LaunchScreen.storyboard in Resources */,
				87CCFF611FD9277B00D1970D /* Assets.xcassets in Resources */,
				87CCFF5C1FD9277B00D1970D /* Main.storyboard in Resources */,
			);
			runOnlyForDeploymentPostprocessing = 0;
		};
		87CCFF681FD9277C00D1970D /* Resources */ = {
			isa = PBXResourcesBuildPhase;
			buildActionMask = 2147483647;
			files = (
			);
			runOnlyForDeploymentPostprocessing = 0;
		};
		87CCFF731FD9277C00D1970D /* Resources */ = {
			isa = PBXResourcesBuildPhase;
			buildActionMask = 2147483647;
			files = (
			);
			runOnlyForDeploymentPostprocessing = 0;
		};
/* End PBXResourcesBuildPhase section */

/* Begin PBXShellScriptBuildPhase section */
		16EA1D6A083EA25D94773CA2 /* [CP] Check Pods Manifest.lock */ = {
			isa = PBXShellScriptBuildPhase;
			buildActionMask = 2147483647;
			files = (
			);
			inputPaths = (
			);
			name = "[CP] Check Pods Manifest.lock";
			outputPaths = (
			);
			runOnlyForDeploymentPostprocessing = 0;
			shellPath = /bin/sh;
			shellScript = "diff \"${PODS_ROOT}/../Podfile.lock\" \"${PODS_ROOT}/Manifest.lock\" > /dev/null\nif [ $? != 0 ] ; then\n    # print error to STDERR\n    echo \"error: The sandbox is not in sync with the Podfile.lock. Run 'pod install' or update your CocoaPods installation.\" >&2\n    exit 1\nfi\n";
			showEnvVarsInLog = 0;
		};
		19241182C829D34EDECC588A /* [CP] Embed Pods Frameworks */ = {
			isa = PBXShellScriptBuildPhase;
			buildActionMask = 2147483647;
			files = (
			);
			inputPaths = (
			);
			name = "[CP] Embed Pods Frameworks";
			outputPaths = (
			);
			runOnlyForDeploymentPostprocessing = 0;
			shellPath = /bin/sh;
			shellScript = "\"${SRCROOT}/Pods/Target Support Files/Pods-QpizzaDelivery/Pods-QpizzaDelivery-frameworks.sh\"\n";
			showEnvVarsInLog = 0;
		};
		1FE05EDD858DD184924E16E8 /* [CP] Embed Pods Frameworks */ = {
			isa = PBXShellScriptBuildPhase;
			buildActionMask = 2147483647;
			files = (
			);
			inputPaths = (
			);
			name = "[CP] Embed Pods Frameworks";
			outputPaths = (
			);
			runOnlyForDeploymentPostprocessing = 0;
			shellPath = /bin/sh;
			shellScript = "\"${SRCROOT}/Pods/Target Support Files/Pods-QpizzaDeliveryUITests/Pods-QpizzaDeliveryUITests-frameworks.sh\"\n";
			showEnvVarsInLog = 0;
		};
		2E0ADA9D289A0CD93D97F08E /* [CP] Copy Pods Resources */ = {
			isa = PBXShellScriptBuildPhase;
			buildActionMask = 2147483647;
			files = (
			);
			inputPaths = (
			);
			name = "[CP] Copy Pods Resources";
			outputPaths = (
			);
			runOnlyForDeploymentPostprocessing = 0;
			shellPath = /bin/sh;
			shellScript = "\"${SRCROOT}/Pods/Target Support Files/Pods-QpizzaDeliveryTests/Pods-QpizzaDeliveryTests-resources.sh\"\n";
			showEnvVarsInLog = 0;
		};
		3BA691B13BC59E14168188EF /* [CP] Check Pods Manifest.lock */ = {
			isa = PBXShellScriptBuildPhase;
			buildActionMask = 2147483647;
			files = (
			);
			inputPaths = (
			);
			name = "[CP] Check Pods Manifest.lock";
			outputPaths = (
			);
			runOnlyForDeploymentPostprocessing = 0;
			shellPath = /bin/sh;
			shellScript = "diff \"${PODS_ROOT}/../Podfile.lock\" \"${PODS_ROOT}/Manifest.lock\" > /dev/null\nif [ $? != 0 ] ; then\n    # print error to STDERR\n    echo \"error: The sandbox is not in sync with the Podfile.lock. Run 'pod install' or update your CocoaPods installation.\" >&2\n    exit 1\nfi\n";
			showEnvVarsInLog = 0;
		};
		6306DD94778FC505FF996C9F /* [CP] Copy Pods Resources */ = {
			isa = PBXShellScriptBuildPhase;
			buildActionMask = 2147483647;
			files = (
			);
			inputPaths = (
			);
			name = "[CP] Copy Pods Resources";
			outputPaths = (
			);
			runOnlyForDeploymentPostprocessing = 0;
			shellPath = /bin/sh;
			shellScript = "\"${SRCROOT}/Pods/Target Support Files/Pods-QpizzaDeliveryUITests/Pods-QpizzaDeliveryUITests-resources.sh\"\n";
			showEnvVarsInLog = 0;
		};
		836B79A196DBFE62C247B0F5 /* [CP] Copy Pods Resources */ = {
			isa = PBXShellScriptBuildPhase;
			buildActionMask = 2147483647;
			files = (
			);
			inputPaths = (
			);
			name = "[CP] Copy Pods Resources";
			outputPaths = (
			);
			runOnlyForDeploymentPostprocessing = 0;
			shellPath = /bin/sh;
			shellScript = "\"${SRCROOT}/Pods/Target Support Files/Pods-QpizzaDelivery/Pods-QpizzaDelivery-resources.sh\"\n";
			showEnvVarsInLog = 0;
		};
		9FBA35565B9370CEB523FE3A /* [CP] Embed Pods Frameworks */ = {
			isa = PBXShellScriptBuildPhase;
			buildActionMask = 2147483647;
			files = (
			);
			inputPaths = (
			);
			name = "[CP] Embed Pods Frameworks";
			outputPaths = (
			);
			runOnlyForDeploymentPostprocessing = 0;
			shellPath = /bin/sh;
			shellScript = "\"${SRCROOT}/Pods/Target Support Files/Pods-QpizzaDeliveryTests/Pods-QpizzaDeliveryTests-frameworks.sh\"\n";
			showEnvVarsInLog = 0;
		};
		A33626C3EFB5F8CF3B906CEB /* [CP] Check Pods Manifest.lock */ = {
			isa = PBXShellScriptBuildPhase;
			buildActionMask = 2147483647;
			files = (
			);
			inputPaths = (
			);
			name = "[CP] Check Pods Manifest.lock";
			outputPaths = (
			);
			runOnlyForDeploymentPostprocessing = 0;
			shellPath = /bin/sh;
			shellScript = "diff \"${PODS_ROOT}/../Podfile.lock\" \"${PODS_ROOT}/Manifest.lock\" > /dev/null\nif [ $? != 0 ] ; then\n    # print error to STDERR\n    echo \"error: The sandbox is not in sync with the Podfile.lock. Run 'pod install' or update your CocoaPods installation.\" >&2\n    exit 1\nfi\n";
			showEnvVarsInLog = 0;
		};
/* End PBXShellScriptBuildPhase section */

/* Begin PBXSourcesBuildPhase section */
		87CCFF4F1FD9277B00D1970D /* Sources */ = {
			isa = PBXSourcesBuildPhase;
			buildActionMask = 2147483647;
			files = (
				8751A6A41FDB52AE0068E3FE /* RestaurantCell.swift in Sources */,
				87CCAABF1FED905200243FFF /* DeliveryCell.swift in Sources */,
				87CCAAB51FECD3BB00243FFF /* OrderCollectionViewCell.swift in Sources */,
				8751A68C1FD92F9C0068E3FE /* CustomerMenuCell.swift in Sources */,
				87CCAAB11FEC73BB00243FFF /* OrderCell.swift in Sources */,
				8751A6961FD934D00068E3FE /* SidebarOptions.swift in Sources */,
				87CCFF5F1FD9277B00D1970D /* QpizzaDelivery.xcdatamodeld in Sources */,
				8785649C1FF0F041001484E7 /* UserModel.swift in Sources */,
				87CCFF8E1FD9280A00D1970D /* Extensions.swift in Sources */,
				87CCFF901FD9281300D1970D /* DriverMenuCell.swift in Sources */,
				8751A69E1FDB34190068E3FE /* HomeViewController.swift in Sources */,
				87CCFF951FD928F200D1970D /* SWRevealViewController.m in Sources */,
				87CCAABA1FED8E1900243FFF /* PaymentCell.swift in Sources */,
				87CCAABD1FED904800243FFF /* DeliveryController.swift in Sources */,
				878564991FEFFC8D001484E7 /* FBManager.swift in Sources */,
				87CCFF881FD927CD00D1970D /* LoginController.swift in Sources */,
				87CCFF591FD9277B00D1970D /* ViewController.swift in Sources */,
				8775506C1FF6E666004870CC /* Helpers.swift in Sources */,
				8751A6981FDB1F3A0068E3FE /* FrontController.swift in Sources */,
				8751A6A01FDB4F730068E3FE /* RestaurantController.swift in Sources */,
				8751A6931FD9308D0068E3FE /* CustomerModel.swift in Sources */,
				87A92D741FF18F5100A7BCE0 /* Constants.swift in Sources */,
				87A92D721FF170EF00A7BCE0 /* APIManager.swift in Sources */,
				872D528A1FDCD5840025C335 /* MenuDetailsCell.swift in Sources */,
				87CCAAB81FECEB3E00243FFF /* PaymentController.swift in Sources */,
				87CCFF8C1FD9280300D1970D /* BaseCell.swift in Sources */,
				872D52881FDCD5680025C335 /* MenuDetailsController.swift in Sources */,
				872D52851FDC98520025C335 /* MenuCell.swift in Sources */,
				8751A69C1FDB34050068E3FE /* MenuController.swift in Sources */,
				8700CAAC1FF4206A00AFC5CC /* RestaurantCollectionViewCell .swift in Sources */,
				8700CAAF1FF4423000AFC5CC /* MenuItemsModel.swift in Sources */,
				87CCFF571FD9277B00D1970D /* AppDelegate.swift in Sources */,
				8751A69A1FDB1F440068E3FE /* RearController.swift in Sources */,
				8751A6911FD9303A0068E3FE /* DriverModel.swift in Sources */,
				87CCAAAF1FEC645E00243FFF /* OrderController.swift in Sources */,
				876A30C91FDBBBA100F81855 /* RestaurantHeader.swift in Sources */,
				87CCFF981FD9293A00D1970D /* DriverMenuController.swift in Sources */,
				8700CAAA1FF3223900AFC5CC /* RestaurantModel.swift in Sources */,
				87CCAAC11FED955300243FFF /* DeliveryCollectionViewCell.swift in Sources */,
				87CCAAB31FEC7BF400243FFF /* OrderFooter.swift in Sources */,
				876A30CB1FDBCC1500F81855 /* CustomerHeader.swift in Sources */,
				8751A68E1FD92FB50068E3FE /* CustomerMenuController.swift in Sources */,
				876A30CD1FDBCC2000F81855 /* DriverHeader.swift in Sources */,
			);
			runOnlyForDeploymentPostprocessing = 0;
		};
		87CCFF661FD9277C00D1970D /* Sources */ = {
			isa = PBXSourcesBuildPhase;
			buildActionMask = 2147483647;
			files = (
				87CCFF6F1FD9277C00D1970D /* QpizzaDeliveryTests.swift in Sources */,
			);
			runOnlyForDeploymentPostprocessing = 0;
		};
		87CCFF711FD9277C00D1970D /* Sources */ = {
			isa = PBXSourcesBuildPhase;
			buildActionMask = 2147483647;
			files = (
				87CCFF7A1FD9277C00D1970D /* QpizzaDeliveryUITests.swift in Sources */,
			);
			runOnlyForDeploymentPostprocessing = 0;
		};
/* End PBXSourcesBuildPhase section */

/* Begin PBXTargetDependency section */
		87CCFF6C1FD9277C00D1970D /* PBXTargetDependency */ = {
			isa = PBXTargetDependency;
			target = 87CCFF521FD9277B00D1970D /* QpizzaDelivery */;
			targetProxy = 87CCFF6B1FD9277C00D1970D /* PBXContainerItemProxy */;
		};
		87CCFF771FD9277C00D1970D /* PBXTargetDependency */ = {
			isa = PBXTargetDependency;
			target = 87CCFF521FD9277B00D1970D /* QpizzaDelivery */;
			targetProxy = 87CCFF761FD9277C00D1970D /* PBXContainerItemProxy */;
		};
/* End PBXTargetDependency section */

/* Begin PBXVariantGroup section */
		87CCFF5A1FD9277B00D1970D /* Main.storyboard */ = {
			isa = PBXVariantGroup;
			children = (
				87CCFF5B1FD9277B00D1970D /* Base */,
			);
			name = Main.storyboard;
			sourceTree = "<group>";
		};
		87CCFF621FD9277B00D1970D /* LaunchScreen.storyboard */ = {
			isa = PBXVariantGroup;
			children = (
				87CCFF631FD9277B00D1970D /* Base */,
			);
			name = LaunchScreen.storyboard;
			sourceTree = "<group>";
		};
/* End PBXVariantGroup section */

/* Begin XCBuildConfiguration section */
		87CCFF7C1FD9277C00D1970D /* Debug */ = {
			isa = XCBuildConfiguration;
			buildSettings = {
				ALWAYS_SEARCH_USER_PATHS = NO;
				CLANG_ANALYZER_NONNULL = YES;
				CLANG_ANALYZER_NUMBER_OBJECT_CONVERSION = YES_AGGRESSIVE;
				CLANG_CXX_LANGUAGE_STANDARD = "gnu++14";
				CLANG_CXX_LIBRARY = "libc++";
				CLANG_ENABLE_MODULES = YES;
				CLANG_ENABLE_OBJC_ARC = YES;
				CLANG_WARN_BLOCK_CAPTURE_AUTORELEASING = YES;
				CLANG_WARN_BOOL_CONVERSION = YES;
				CLANG_WARN_COMMA = YES;
				CLANG_WARN_CONSTANT_CONVERSION = YES;
				CLANG_WARN_DIRECT_OBJC_ISA_USAGE = YES_ERROR;
				CLANG_WARN_DOCUMENTATION_COMMENTS = YES;
				CLANG_WARN_EMPTY_BODY = YES;
				CLANG_WARN_ENUM_CONVERSION = YES;
				CLANG_WARN_INFINITE_RECURSION = YES;
				CLANG_WARN_INT_CONVERSION = YES;
				CLANG_WARN_NON_LITERAL_NULL_CONVERSION = YES;
				CLANG_WARN_OBJC_LITERAL_CONVERSION = YES;
				CLANG_WARN_OBJC_ROOT_CLASS = YES_ERROR;
				CLANG_WARN_RANGE_LOOP_ANALYSIS = YES;
				CLANG_WARN_STRICT_PROTOTYPES = YES;
				CLANG_WARN_SUSPICIOUS_MOVE = YES;
				CLANG_WARN_UNGUARDED_AVAILABILITY = YES_AGGRESSIVE;
				CLANG_WARN_UNREACHABLE_CODE = YES;
				CLANG_WARN__DUPLICATE_METHOD_MATCH = YES;
				CODE_SIGN_IDENTITY = "iPhone Developer";
				COPY_PHASE_STRIP = NO;
				DEBUG_INFORMATION_FORMAT = dwarf;
				ENABLE_STRICT_OBJC_MSGSEND = YES;
				ENABLE_TESTABILITY = YES;
				GCC_C_LANGUAGE_STANDARD = gnu11;
				GCC_DYNAMIC_NO_PIC = NO;
				GCC_NO_COMMON_BLOCKS = YES;
				GCC_OPTIMIZATION_LEVEL = 0;
				GCC_PREPROCESSOR_DEFINITIONS = (
					"DEBUG=1",
					"$(inherited)",
				);
				GCC_WARN_64_TO_32_BIT_CONVERSION = YES;
				GCC_WARN_ABOUT_RETURN_TYPE = YES_ERROR;
				GCC_WARN_UNDECLARED_SELECTOR = YES;
				GCC_WARN_UNINITIALIZED_AUTOS = YES_AGGRESSIVE;
				GCC_WARN_UNUSED_FUNCTION = YES;
				GCC_WARN_UNUSED_VARIABLE = YES;
				IPHONEOS_DEPLOYMENT_TARGET = 11.2;
				MTL_ENABLE_DEBUG_INFO = YES;
				ONLY_ACTIVE_ARCH = YES;
				SDKROOT = iphoneos;
				SWIFT_ACTIVE_COMPILATION_CONDITIONS = DEBUG;
				SWIFT_OPTIMIZATION_LEVEL = "-Onone";
			};
			name = Debug;
		};
		87CCFF7D1FD9277C00D1970D /* Release */ = {
			isa = XCBuildConfiguration;
			buildSettings = {
				ALWAYS_SEARCH_USER_PATHS = NO;
				CLANG_ANALYZER_NONNULL = YES;
				CLANG_ANALYZER_NUMBER_OBJECT_CONVERSION = YES_AGGRESSIVE;
				CLANG_CXX_LANGUAGE_STANDARD = "gnu++14";
				CLANG_CXX_LIBRARY = "libc++";
				CLANG_ENABLE_MODULES = YES;
				CLANG_ENABLE_OBJC_ARC = YES;
				CLANG_WARN_BLOCK_CAPTURE_AUTORELEASING = YES;
				CLANG_WARN_BOOL_CONVERSION = YES;
				CLANG_WARN_COMMA = YES;
				CLANG_WARN_CONSTANT_CONVERSION = YES;
				CLANG_WARN_DIRECT_OBJC_ISA_USAGE = YES_ERROR;
				CLANG_WARN_DOCUMENTATION_COMMENTS = YES;
				CLANG_WARN_EMPTY_BODY = YES;
				CLANG_WARN_ENUM_CONVERSION = YES;
				CLANG_WARN_INFINITE_RECURSION = YES;
				CLANG_WARN_INT_CONVERSION = YES;
				CLANG_WARN_NON_LITERAL_NULL_CONVERSION = YES;
				CLANG_WARN_OBJC_LITERAL_CONVERSION = YES;
				CLANG_WARN_OBJC_ROOT_CLASS = YES_ERROR;
				CLANG_WARN_RANGE_LOOP_ANALYSIS = YES;
				CLANG_WARN_STRICT_PROTOTYPES = YES;
				CLANG_WARN_SUSPICIOUS_MOVE = YES;
				CLANG_WARN_UNGUARDED_AVAILABILITY = YES_AGGRESSIVE;
				CLANG_WARN_UNREACHABLE_CODE = YES;
				CLANG_WARN__DUPLICATE_METHOD_MATCH = YES;
				CODE_SIGN_IDENTITY = "iPhone Developer";
				COPY_PHASE_STRIP = NO;
				DEBUG_INFORMATION_FORMAT = "dwarf-with-dsym";
				ENABLE_NS_ASSERTIONS = NO;
				ENABLE_STRICT_OBJC_MSGSEND = YES;
				GCC_C_LANGUAGE_STANDARD = gnu11;
				GCC_NO_COMMON_BLOCKS = YES;
				GCC_WARN_64_TO_32_BIT_CONVERSION = YES;
				GCC_WARN_ABOUT_RETURN_TYPE = YES_ERROR;
				GCC_WARN_UNDECLARED_SELECTOR = YES;
				GCC_WARN_UNINITIALIZED_AUTOS = YES_AGGRESSIVE;
				GCC_WARN_UNUSED_FUNCTION = YES;
				GCC_WARN_UNUSED_VARIABLE = YES;
				IPHONEOS_DEPLOYMENT_TARGET = 11.2;
				MTL_ENABLE_DEBUG_INFO = NO;
				SDKROOT = iphoneos;
				SWIFT_OPTIMIZATION_LEVEL = "-Owholemodule";
				VALIDATE_PRODUCT = YES;
			};
			name = Release;
		};
		87CCFF7F1FD9277C00D1970D /* Debug */ = {
			isa = XCBuildConfiguration;
			baseConfigurationReference = 6A95BC93A31AA445ED356CBF /* Pods-QpizzaDelivery.debug.xcconfig */;
			buildSettings = {
				ASSETCATALOG_COMPILER_APPICON_NAME = AppIcon;
				CLANG_ENABLE_MODULES = YES;
				CODE_SIGN_STYLE = Automatic;
				DEVELOPMENT_TEAM = 465955C7HD;
				INFOPLIST_FILE = QpizzaDelivery/Info.plist;
				LD_RUNPATH_SEARCH_PATHS = "$(inherited) @executable_path/Frameworks";
				PRODUCT_BUNDLE_IDENTIFIER = AmarBhatia.QpizzaDelivery;
				PRODUCT_NAME = "$(TARGET_NAME)";
				SWIFT_OBJC_BRIDGING_HEADER = "QpizzaDelivery/Library/QpizzaDelivery-Bridging-Header.h";
				SWIFT_OPTIMIZATION_LEVEL = "-Onone";
				SWIFT_VERSION = 4.0;
				TARGETED_DEVICE_FAMILY = "1,2";
			};
			name = Debug;
		};
		87CCFF801FD9277C00D1970D /* Release */ = {
			isa = XCBuildConfiguration;
			baseConfigurationReference = 8AAB8C5E55579FCB30CE3EF1 /* Pods-QpizzaDelivery.release.xcconfig */;
			buildSettings = {
				ASSETCATALOG_COMPILER_APPICON_NAME = AppIcon;
				CLANG_ENABLE_MODULES = YES;
				CODE_SIGN_STYLE = Automatic;
				DEVELOPMENT_TEAM = 465955C7HD;
				INFOPLIST_FILE = QpizzaDelivery/Info.plist;
				LD_RUNPATH_SEARCH_PATHS = "$(inherited) @executable_path/Frameworks";
				PRODUCT_BUNDLE_IDENTIFIER = AmarBhatia.QpizzaDelivery;
				PRODUCT_NAME = "$(TARGET_NAME)";
				SWIFT_OBJC_BRIDGING_HEADER = "QpizzaDelivery/Library/QpizzaDelivery-Bridging-Header.h";
				SWIFT_VERSION = 4.0;
				TARGETED_DEVICE_FAMILY = "1,2";
			};
			name = Release;
		};
		87CCFF821FD9277C00D1970D /* Debug */ = {
			isa = XCBuildConfiguration;
			baseConfigurationReference = 33EB57EF5908B66F3A2ABE05 /* Pods-QpizzaDeliveryTests.debug.xcconfig */;
			buildSettings = {
				ALWAYS_EMBED_SWIFT_STANDARD_LIBRARIES = YES;
				BUNDLE_LOADER = "$(TEST_HOST)";
				CODE_SIGN_STYLE = Automatic;
				DEVELOPMENT_TEAM = 465955C7HD;
				INFOPLIST_FILE = QpizzaDeliveryTests/Info.plist;
				LD_RUNPATH_SEARCH_PATHS = "$(inherited) @executable_path/Frameworks @loader_path/Frameworks";
				PRODUCT_BUNDLE_IDENTIFIER = AmarBhatia.QpizzaDeliveryTests;
				PRODUCT_NAME = "$(TARGET_NAME)";
				SWIFT_VERSION = 4.0;
				TARGETED_DEVICE_FAMILY = "1,2";
				TEST_HOST = "$(BUILT_PRODUCTS_DIR)/QpizzaDelivery.app/QpizzaDelivery";
			};
			name = Debug;
		};
		87CCFF831FD9277C00D1970D /* Release */ = {
			isa = XCBuildConfiguration;
			baseConfigurationReference = F4E9C8BF267F3763B40B08AF /* Pods-QpizzaDeliveryTests.release.xcconfig */;
			buildSettings = {
				ALWAYS_EMBED_SWIFT_STANDARD_LIBRARIES = YES;
				BUNDLE_LOADER = "$(TEST_HOST)";
				CODE_SIGN_STYLE = Automatic;
				DEVELOPMENT_TEAM = 465955C7HD;
				INFOPLIST_FILE = QpizzaDeliveryTests/Info.plist;
				LD_RUNPATH_SEARCH_PATHS = "$(inherited) @executable_path/Frameworks @loader_path/Frameworks";
				PRODUCT_BUNDLE_IDENTIFIER = AmarBhatia.QpizzaDeliveryTests;
				PRODUCT_NAME = "$(TARGET_NAME)";
				SWIFT_VERSION = 4.0;
				TARGETED_DEVICE_FAMILY = "1,2";
				TEST_HOST = "$(BUILT_PRODUCTS_DIR)/QpizzaDelivery.app/QpizzaDelivery";
			};
			name = Release;
		};
		87CCFF851FD9277C00D1970D /* Debug */ = {
			isa = XCBuildConfiguration;
			baseConfigurationReference = EE07E28F511807FC062CA5F9 /* Pods-QpizzaDeliveryUITests.debug.xcconfig */;
			buildSettings = {
				ALWAYS_EMBED_SWIFT_STANDARD_LIBRARIES = YES;
				CODE_SIGN_STYLE = Automatic;
				DEVELOPMENT_TEAM = 465955C7HD;
				INFOPLIST_FILE = QpizzaDeliveryUITests/Info.plist;
				LD_RUNPATH_SEARCH_PATHS = "$(inherited) @executable_path/Frameworks @loader_path/Frameworks";
				PRODUCT_BUNDLE_IDENTIFIER = AmarBhatia.QpizzaDeliveryUITests;
				PRODUCT_NAME = "$(TARGET_NAME)";
				SWIFT_VERSION = 4.0;
				TARGETED_DEVICE_FAMILY = "1,2";
				TEST_TARGET_NAME = QpizzaDelivery;
			};
			name = Debug;
		};
		87CCFF861FD9277C00D1970D /* Release */ = {
			isa = XCBuildConfiguration;
			baseConfigurationReference = 37C0C07C4AE90CEC3D60807A /* Pods-QpizzaDeliveryUITests.release.xcconfig */;
			buildSettings = {
				ALWAYS_EMBED_SWIFT_STANDARD_LIBRARIES = YES;
				CODE_SIGN_STYLE = Automatic;
				DEVELOPMENT_TEAM = 465955C7HD;
				INFOPLIST_FILE = QpizzaDeliveryUITests/Info.plist;
				LD_RUNPATH_SEARCH_PATHS = "$(inherited) @executable_path/Frameworks @loader_path/Frameworks";
				PRODUCT_BUNDLE_IDENTIFIER = AmarBhatia.QpizzaDeliveryUITests;
				PRODUCT_NAME = "$(TARGET_NAME)";
				SWIFT_VERSION = 4.0;
				TARGETED_DEVICE_FAMILY = "1,2";
				TEST_TARGET_NAME = QpizzaDelivery;
			};
			name = Release;
		};
/* End XCBuildConfiguration section */

/* Begin XCConfigurationList section */
		87CCFF4E1FD9277B00D1970D /* Build configuration list for PBXProject "QpizzaDelivery" */ = {
			isa = XCConfigurationList;
			buildConfigurations = (
				87CCFF7C1FD9277C00D1970D /* Debug */,
				87CCFF7D1FD9277C00D1970D /* Release */,
			);
			defaultConfigurationIsVisible = 0;
			defaultConfigurationName = Release;
		};
		87CCFF7E1FD9277C00D1970D /* Build configuration list for PBXNativeTarget "QpizzaDelivery" */ = {
			isa = XCConfigurationList;
			buildConfigurations = (
				87CCFF7F1FD9277C00D1970D /* Debug */,
				87CCFF801FD9277C00D1970D /* Release */,
			);
			defaultConfigurationIsVisible = 0;
			defaultConfigurationName = Release;
		};
		87CCFF811FD9277C00D1970D /* Build configuration list for PBXNativeTarget "QpizzaDeliveryTests" */ = {
			isa = XCConfigurationList;
			buildConfigurations = (
				87CCFF821FD9277C00D1970D /* Debug */,
				87CCFF831FD9277C00D1970D /* Release */,
			);
			defaultConfigurationIsVisible = 0;
			defaultConfigurationName = Release;
		};
		87CCFF841FD9277C00D1970D /* Build configuration list for PBXNativeTarget "QpizzaDeliveryUITests" */ = {
			isa = XCConfigurationList;
			buildConfigurations = (
				87CCFF851FD9277C00D1970D /* Debug */,
				87CCFF861FD9277C00D1970D /* Release */,
			);
			defaultConfigurationIsVisible = 0;
			defaultConfigurationName = Release;
		};
/* End XCConfigurationList section */

/* Begin XCVersionGroup section */
		87CCFF5D1FD9277B00D1970D /* QpizzaDelivery.xcdatamodeld */ = {
			isa = XCVersionGroup;
			children = (
				87CCFF5E1FD9277B00D1970D /* QpizzaDelivery.xcdatamodel */,
			);
			currentVersion = 87CCFF5E1FD9277B00D1970D /* QpizzaDelivery.xcdatamodel */;
			path = QpizzaDelivery.xcdatamodeld;
			sourceTree = "<group>";
			versionGroupType = wrapper.xcdatamodel;
		};
/* End XCVersionGroup section */
	};
	rootObject = 87CCFF4B1FD9277B00D1970D /* Project object */;
}
